// !$*UTF8*$!
{
	archiveVersion = 1;
	classes = {
	};
	objectVersion = 77;
	objects = {

/* Begin PBXContainerItemProxy section */
		9B67AA512D9253EE00B835DD /* PBXContainerItemProxy */ = {
			isa = PBXContainerItemProxy;
			containerPortal = 9B67AA382D9253EC00B835DD /* Project object */;
			proxyType = 1;
			remoteGlobalIDString = 9B67AA3F2D9253EC00B835DD;
			remoteInfo = 24566667_BubblePop;
		};
		9B67AA5B2D9253EE00B835DD /* PBXContainerItemProxy */ = {
			isa = PBXContainerItemProxy;
			containerPortal = 9B67AA382D9253EC00B835DD /* Project object */;
			proxyType = 1;
			remoteGlobalIDString = 9B67AA3F2D9253EC00B835DD;
			remoteInfo = 24566667_BubblePop;
		};
/* End PBXContainerItemProxy section */

/* Begin PBXFileReference section */
		9B67AA402D9253EC00B835DD /* 24566667_BubblePop.app */ = {isa = PBXFileReference; explicitFileType = wrapper.application; includeInIndex = 0; path = 24566667_BubblePop.app; sourceTree = BUILT_PRODUCTS_DIR; };
		9B67AA502D9253EE00B835DD /* 24566667_BubblePopTests.xctest */ = {isa = PBXFileReference; explicitFileType = wrapper.cfbundle; includeInIndex = 0; path = 24566667_BubblePopTests.xctest; sourceTree = BUILT_PRODUCTS_DIR; };
		9B67AA5A2D9253EE00B835DD /* 24566667_BubblePopUITests.xctest */ = {isa = PBXFileReference; explicitFileType = wrapper.cfbundle; includeInIndex = 0; path = 24566667_BubblePopUITests.xctest; sourceTree = BUILT_PRODUCTS_DIR; };
/* End PBXFileReference section */

/* Begin PBXFileSystemSynchronizedRootGroup section */
		9B67AA422D9253EC00B835DD /* 24566667_BubblePop */ = {
			isa = PBXFileSystemSynchronizedRootGroup;
			path = 24566667_BubblePop;
			sourceTree = "<group>";
		};
		9B67AA532D9253EE00B835DD /* 24566667_BubblePopTests */ = {
			isa = PBXFileSystemSynchronizedRootGroup;
			path = 24566667_BubblePopTests;
			sourceTree = "<group>";
		};
		9B67AA5D2D9253EE00B835DD /* 24566667_BubblePopUITests */ = {
			isa = PBXFileSystemSynchronizedRootGroup;
			path = 24566667_BubblePopUITests;
			sourceTree = "<group>";
		};
/* End PBXFileSystemSynchronizedRootGroup section */

/* Begin PBXFrameworksBuildPhase section */
		9B67AA3D2D9253EC00B835DD /* Frameworks */ = {
			isa = PBXFrameworksBuildPhase;
			buildActionMask = 2147483647;
			files = (
			);
			runOnlyForDeploymentPostprocessing = 0;
		};
		9B67AA4D2D9253EE00B835DD /* Frameworks */ = {
			isa = PBXFrameworksBuildPhase;
			buildActionMask = 2147483647;
			files = (
			);
			runOnlyForDeploymentPostprocessing = 0;
		};
		9B67AA572D9253EE00B835DD /* Frameworks */ = {
			isa = PBXFrameworksBuildPhase;
			buildActionMask = 2147483647;
			files = (
			);
			runOnlyForDeploymentPostprocessing = 0;
		};
/* End PBXFrameworksBuildPhase section */

/* Begin PBXGroup section */
		9B67AA372D9253EC00B835DD = {
			isa = PBXGroup;
			children = (
				9B67AA422D9253EC00B835DD /* 24566667_BubblePop */,
				9B67AA532D9253EE00B835DD /* 24566667_BubblePopTests */,
				9B67AA5D2D9253EE00B835DD /* 24566667_BubblePopUITests */,
				9B67AA412D9253EC00B835DD /* Products */,
			);
			sourceTree = "<group>";
		};
		9B67AA412D9253EC00B835DD /* Products */ = {
			isa = PBXGroup;
			children = (
				9B67AA402D9253EC00B835DD /* 24566667_BubblePop.app */,
				9B67AA502D9253EE00B835DD /* 24566667_BubblePopTests.xctest */,
				9B67AA5A2D9253EE00B835DD /* 24566667_BubblePopUITests.xctest */,
			);
			name = Products;
			sourceTree = "<group>";
		};
/* End PBXGroup section */

/* Begin PBXNativeTarget section */
		9B67AA3F2D9253EC00B835DD /* 24566667_BubblePop */ = {
			isa = PBXNativeTarget;
			buildConfigurationList = 9B67AA642D9253EE00B835DD /* Build configuration list for PBXNativeTarget "24566667_BubblePop" */;
			buildPhases = (
				9B67AA3C2D9253EC00B835DD /* Sources */,
				9B67AA3D2D9253EC00B835DD /* Frameworks */,
				9B67AA3E2D9253EC00B835DD /* Resources */,
			);
			buildRules = (
			);
			dependencies = (
			);
			fileSystemSynchronizedGroups = (
				9B67AA422D9253EC00B835DD /* 24566667_BubblePop */,
			);
			name = 24566667_BubblePop;
			packageProductDependencies = (
			);
			productName = 24566667_BubblePop;
			productReference = 9B67AA402D9253EC00B835DD /* 24566667_BubblePop.app */;
			productType = "com.apple.product-type.application";
		};
		9B67AA4F2D9253EE00B835DD /* 24566667_BubblePopTests */ = {
			isa = PBXNativeTarget;
			buildConfigurationList = 9B67AA672D9253EE00B835DD /* Build configuration list for PBXNativeTarget "24566667_BubblePopTests" */;
			buildPhases = (
				9B67AA4C2D9253EE00B835DD /* Sources */,
				9B67AA4D2D9253EE00B835DD /* Frameworks */,
				9B67AA4E2D9253EE00B835DD /* Resources */,
			);
			buildRules = (
			);
			dependencies = (
				9B67AA522D9253EE00B835DD /* PBXTargetDependency */,
			);
			fileSystemSynchronizedGroups = (
				9B67AA532D9253EE00B835DD /* 24566667_BubblePopTests */,
			);
			name = 24566667_BubblePopTests;
			packageProductDependencies = (
			);
			productName = 24566667_BubblePopTests;
			productReference = 9B67AA502D9253EE00B835DD /* 24566667_BubblePopTests.xctest */;
			productType = "com.apple.product-type.bundle.unit-test";
		};
		9B67AA592D9253EE00B835DD /* 24566667_BubblePopUITests */ = {
			isa = PBXNativeTarget;
			buildConfigurationList = 9B67AA6A2D9253EE00B835DD /* Build configuration list for PBXNativeTarget "24566667_BubblePopUITests" */;
			buildPhases = (
				9B67AA562D9253EE00B835DD /* Sources */,
				9B67AA572D9253EE00B835DD /* Frameworks */,
				9B67AA582D9253EE00B835DD /* Resources */,
			);
			buildRules = (
			);
			dependencies = (
				9B67AA5C2D9253EE00B835DD /* PBXTargetDependency */,
			);
			fileSystemSynchronizedGroups = (
				9B67AA5D2D9253EE00B835DD /* 24566667_BubblePopUITests */,
			);
			name = 24566667_BubblePopUITests;
			packageProductDependencies = (
			);
			productName = 24566667_BubblePopUITests;
			productReference = 9B67AA5A2D9253EE00B835DD /* 24566667_BubblePopUITests.xctest */;
			productType = "com.apple.product-type.bundle.ui-testing";
		};
/* End PBXNativeTarget section */

/* Begin PBXProject section */
		9B67AA382D9253EC00B835DD /* Project object */ = {
			isa = PBXProject;
			attributes = {
				BuildIndependentTargetsInParallel = 1;
				LastSwiftUpdateCheck = 1620;
				LastUpgradeCheck = 1620;
				TargetAttributes = {
					9B67AA3F2D9253EC00B835DD = {
						CreatedOnToolsVersion = 16.2;
					};
					9B67AA4F2D9253EE00B835DD = {
						CreatedOnToolsVersion = 16.2;
						TestTargetID = 9B67AA3F2D9253EC00B835DD;
					};
					9B67AA592D9253EE00B835DD = {
						CreatedOnToolsVersion = 16.2;
						TestTargetID = 9B67AA3F2D9253EC00B835DD;
					};
				};
			};
			buildConfigurationList = 9B67AA3B2D9253EC00B835DD /* Build configuration list for PBXProject "24566667_BubblePop" */;
			developmentRegion = en;
			hasScannedForEncodings = 0;
			knownRegions = (
				en,
				Base,
			);
			mainGroup = 9B67AA372D9253EC00B835DD;
			minimizedProjectReferenceProxies = 1;
			preferredProjectObjectVersion = 77;
			productRefGroup = 9B67AA412D9253EC00B835DD /* Products */;
			projectDirPath = "";
			projectRoot = "";
			targets = (
				9B67AA3F2D9253EC00B835DD /* 24566667_BubblePop */,
				9B67AA4F2D9253EE00B835DD /* 24566667_BubblePopTests */,
				9B67AA592D9253EE00B835DD /* 24566667_BubblePopUITests */,
			);
		};
/* End PBXProject section */

/* Begin PBXResourcesBuildPhase section */
		9B67AA3E2D9253EC00B835DD /* Resources */ = {
			isa = PBXResourcesBuildPhase;
			buildActionMask = 2147483647;
			files = (
			);
			runOnlyForDeploymentPostprocessing = 0;
		};
		9B67AA4E2D9253EE00B835DD /* Resources */ = {
			isa = PBXResourcesBuildPhase;
			buildActionMask = 2147483647;
			files = (
			);
			runOnlyForDeploymentPostprocessing = 0;
		};
		9B67AA582D9253EE00B835DD /* Resources */ = {
			isa = PBXResourcesBuildPhase;
			buildActionMask = 2147483647;
			files = (
			);
			runOnlyForDeploymentPostprocessing = 0;
		};
/* End PBXResourcesBuildPhase section */

/* Begin PBXSourcesBuildPhase section */
		9B67AA3C2D9253EC00B835DD /* Sources */ = {
			isa = PBXSourcesBuildPhase;
			buildActionMask = 2147483647;
			files = (
			);
			runOnlyForDeploymentPostprocessing = 0;
		};
		9B67AA4C2D9253EE00B835DD /* Sources */ = {
			isa = PBXSourcesBuildPhase;
			buildActionMask = 2147483647;
			files = (
			);
			runOnlyForDeploymentPostprocessing = 0;
		};
		9B67AA562D9253EE00B835DD /* Sources */ = {
			isa = PBXSourcesBuildPhase;
			buildActionMask = 2147483647;
			files = (
			);
			runOnlyForDeploymentPostprocessing = 0;
		};
/* End PBXSourcesBuildPhase section */

/* Begin PBXTargetDependency section */
		9B67AA522D9253EE00B835DD /* PBXTargetDependency */ = {
			isa = PBXTargetDependency;
			target = 9B67AA3F2D9253EC00B835DD /* 24566667_BubblePop */;
			targetProxy = 9B67AA512D9253EE00B835DD /* PBXContainerItemProxy */;
		};
		9B67AA5C2D9253EE00B835DD /* PBXTargetDependency */ = {
			isa = PBXTargetDependency;
			target = 9B67AA3F2D9253EC00B835DD /* 24566667_BubblePop */;
			targetProxy = 9B67AA5B2D9253EE00B835DD /* PBXContainerItemProxy */;
		};
/* End PBXTargetDependency section */

/* Begin XCBuildConfiguration section */
		9B67AA622D9253EE00B835DD /* Debug */ = {
			isa = XCBuildConfiguration;
			buildSettings = {
				ALWAYS_SEARCH_USER_PATHS = NO;
				ASSETCATALOG_COMPILER_GENERATE_SWIFT_ASSET_SYMBOL_EXTENSIONS = YES;
				CLANG_ANALYZER_NONNULL = YES;
				CLANG_ANALYZER_NUMBER_OBJECT_CONVERSION = YES_AGGRESSIVE;
				CLANG_CXX_LANGUAGE_STANDARD = "gnu++20";
				CLANG_ENABLE_MODULES = YES;
				CLANG_ENABLE_OBJC_ARC = YES;
				CLANG_ENABLE_OBJC_WEAK = YES;
				CLANG_WARN_BLOCK_CAPTURE_AUTORELEASING = YES;
				CLANG_WARN_BOOL_CONVERSION = YES;
				CLANG_WARN_COMMA = YES;
				CLANG_WARN_CONSTANT_CONVERSION = YES;
				CLANG_WARN_DEPRECATED_OBJC_IMPLEMENTATIONS = YES;
				CLANG_WARN_DIRECT_OBJC_ISA_USAGE = YES_ERROR;
				CLANG_WARN_DOCUMENTATION_COMMENTS = YES;
				CLANG_WARN_EMPTY_BODY = YES;
				CLANG_WARN_ENUM_CONVERSION = YES;
				CLANG_WARN_INFINITE_RECURSION = YES;
				CLANG_WARN_INT_CONVERSION = YES;
				CLANG_WARN_NON_LITERAL_NULL_CONVERSION = YES;
				CLANG_WARN_OBJC_IMPLICIT_RETAIN_SELF = YES;
				CLANG_WARN_OBJC_LITERAL_CONVERSION = YES;
				CLANG_WARN_OBJC_ROOT_CLASS = YES_ERROR;
				CLANG_WARN_QUOTED_INCLUDE_IN_FRAMEWORK_HEADER = YES;
				CLANG_WARN_RANGE_LOOP_ANALYSIS = YES;
				CLANG_WARN_STRICT_PROTOTYPES = YES;
				CLANG_WARN_SUSPICIOUS_MOVE = YES;
				CLANG_WARN_UNGUARDED_AVAILABILITY = YES_AGGRESSIVE;
				CLANG_WARN_UNREACHABLE_CODE = YES;
				CLANG_WARN__DUPLICATE_METHOD_MATCH = YES;
				COPY_PHASE_STRIP = NO;
				DEBUG_INFORMATION_FORMAT = dwarf;
				ENABLE_STRICT_OBJC_MSGSEND = YES;
				ENABLE_TESTABILITY = YES;
				ENABLE_USER_SCRIPT_SANDBOXING = YES;
				GCC_C_LANGUAGE_STANDARD = gnu17;
				GCC_DYNAMIC_NO_PIC = NO;
				GCC_NO_COMMON_BLOCKS = YES;
				GCC_OPTIMIZATION_LEVEL = 0;
				GCC_PREPROCESSOR_DEFINITIONS = (
					"DEBUG=1",
					"$(inherited)",
				);
				GCC_WARN_64_TO_32_BIT_CONVERSION = YES;
				GCC_WARN_ABOUT_RETURN_TYPE = YES_ERROR;
				GCC_WARN_UNDECLARED_SELECTOR = YES;
				GCC_WARN_UNINITIALIZED_AUTOS = YES_AGGRESSIVE;
				GCC_WARN_UNUSED_FUNCTION = YES;
				GCC_WARN_UNUSED_VARIABLE = YES;
				IPHONEOS_DEPLOYMENT_TARGET = 18.2;
				LOCALIZATION_PREFERS_STRING_CATALOGS = YES;
				MTL_ENABLE_DEBUG_INFO = INCLUDE_SOURCE;
				MTL_FAST_MATH = YES;
				ONLY_ACTIVE_ARCH = YES;
				SDKROOT = iphoneos;
				SWIFT_ACTIVE_COMPILATION_CONDITIONS = "DEBUG $(inherited)";
				SWIFT_OPTIMIZATION_LEVEL = "-Onone";
			};
			name = Debug;
		};
		9B67AA632D9253EE00B835DD /* Release */ = {
			isa = XCBuildConfiguration;
			buildSettings = {
				ALWAYS_SEARCH_USER_PATHS = NO;
				ASSETCATALOG_COMPILER_GENERATE_SWIFT_ASSET_SYMBOL_EXTENSIONS = YES;
				CLANG_ANALYZER_NONNULL = YES;
				CLANG_ANALYZER_NUMBER_OBJECT_CONVERSION = YES_AGGRESSIVE;
				CLANG_CXX_LANGUAGE_STANDARD = "gnu++20";
				CLANG_ENABLE_MODULES = YES;
				CLANG_ENABLE_OBJC_ARC = YES;
				CLANG_ENABLE_OBJC_WEAK = YES;
				CLANG_WARN_BLOCK_CAPTURE_AUTORELEASING = YES;
				CLANG_WARN_BOOL_CONVERSION = YES;
				CLANG_WARN_COMMA = YES;
				CLANG_WARN_CONSTANT_CONVERSION = YES;
				CLANG_WARN_DEPRECATED_OBJC_IMPLEMENTATIONS = YES;
				CLANG_WARN_DIRECT_OBJC_ISA_USAGE = YES_ERROR;
				CLANG_WARN_DOCUMENTATION_COMMENTS = YES;
				CLANG_WARN_EMPTY_BODY = YES;
				CLANG_WARN_ENUM_CONVERSION = YES;
				CLANG_WARN_INFINITE_RECURSION = YES;
				CLANG_WARN_INT_CONVERSION = YES;
				CLANG_WARN_NON_LITERAL_NULL_CONVERSION = YES;
				CLANG_WARN_OBJC_IMPLICIT_RETAIN_SELF = YES;
				CLANG_WARN_OBJC_LITERAL_CONVERSION = YES;
				CLANG_WARN_OBJC_ROOT_CLASS = YES_ERROR;
				CLANG_WARN_QUOTED_INCLUDE_IN_FRAMEWORK_HEADER = YES;
				CLANG_WARN_RANGE_LOOP_ANALYSIS = YES;
				CLANG_WARN_STRICT_PROTOTYPES = YES;
				CLANG_WARN_SUSPICIOUS_MOVE = YES;
				CLANG_WARN_UNGUARDED_AVAILABILITY = YES_AGGRESSIVE;
				CLANG_WARN_UNREACHABLE_CODE = YES;
				CLANG_WARN__DUPLICATE_METHOD_MATCH = YES;
				COPY_PHASE_STRIP = NO;
				DEBUG_INFORMATION_FORMAT = "dwarf-with-dsym";
				ENABLE_NS_ASSERTIONS = NO;
				ENABLE_STRICT_OBJC_MSGSEND = YES;
				ENABLE_USER_SCRIPT_SANDBOXING = YES;
				GCC_C_LANGUAGE_STANDARD = gnu17;
				GCC_NO_COMMON_BLOCKS = YES;
				GCC_WARN_64_TO_32_BIT_CONVERSION = YES;
				GCC_WARN_ABOUT_RETURN_TYPE = YES_ERROR;
				GCC_WARN_UNDECLARED_SELECTOR = YES;
				GCC_WARN_UNINITIALIZED_AUTOS = YES_AGGRESSIVE;
				GCC_WARN_UNUSED_FUNCTION = YES;
				GCC_WARN_UNUSED_VARIABLE = YES;
				IPHONEOS_DEPLOYMENT_TARGET = 18.2;
				LOCALIZATION_PREFERS_STRING_CATALOGS = YES;
				MTL_ENABLE_DEBUG_INFO = NO;
				MTL_FAST_MATH = YES;
				SDKROOT = iphoneos;
				SWIFT_COMPILATION_MODE = wholemodule;
				VALIDATE_PRODUCT = YES;
			};
			name = Release;
		};
		9B67AA652D9253EE00B835DD /* Debug */ = {
			isa = XCBuildConfiguration;
			buildSettings = {
				ASSETCATALOG_COMPILER_APPICON_NAME = AppIcon;
				ASSETCATALOG_COMPILER_GLOBAL_ACCENT_COLOR_NAME = AccentColor;
				CODE_SIGN_STYLE = Automatic;
				CURRENT_PROJECT_VERSION = 1;
				DEVELOPMENT_ASSET_PATHS = "\"24566667_BubblePop/Preview Content\"";
				ENABLE_PREVIEWS = YES;
				GENERATE_INFOPLIST_FILE = YES;
				INFOPLIST_KEY_UIApplicationSceneManifest_Generation = YES;
				INFOPLIST_KEY_UIApplicationSupportsIndirectInputEvents = YES;
				INFOPLIST_KEY_UILaunchScreen_Generation = YES;
				INFOPLIST_KEY_UISupportedInterfaceOrientations_iPad = "UIInterfaceOrientationPortrait UIInterfaceOrientationPortraitUpsideDown UIInterfaceOrientationLandscapeLeft UIInterfaceOrientationLandscapeRight";
				INFOPLIST_KEY_UISupportedInterfaceOrientations_iPhone = "UIInterfaceOrientationPortrait UIInterfaceOrientationLandscapeLeft UIInterfaceOrientationLandscapeRight";
				LD_RUNPATH_SEARCH_PATHS = (
					"$(inherited)",
					"@executable_path/Frameworks",
				);
				MARKETING_VERSION = 1.0;
				PRODUCT_BUNDLE_IDENTIFIER = "nixonboros.-4566667-BubblePop";
				PRODUCT_NAME = "$(TARGET_NAME)";
				SWIFT_EMIT_LOC_STRINGS = YES;
				SWIFT_VERSION = 5.0;
				TARGETED_DEVICE_FAMILY = "1,2";
			};
			name = Debug;
		};
		9B67AA662D9253EE00B835DD /* Release */ = {
			isa = XCBuildConfiguration;
			buildSettings = {
				ASSETCATALOG_COMPILER_APPICON_NAME = AppIcon;
				ASSETCATALOG_COMPILER_GLOBAL_ACCENT_COLOR_NAME = AccentColor;
				CODE_SIGN_STYLE = Automatic;
				CURRENT_PROJECT_VERSION = 1;
				DEVELOPMENT_ASSET_PATHS = "\"24566667_BubblePop/Preview Content\"";
				ENABLE_PREVIEWS = YES;
				GENERATE_INFOPLIST_FILE = YES;
				INFOPLIST_KEY_UIApplicationSceneManifest_Generation = YES;
				INFOPLIST_KEY_UIApplicationSupportsIndirectInputEvents = YES;
				INFOPLIST_KEY_UILaunchScreen_Generation = YES;
				INFOPLIST_KEY_UISupportedInterfaceOrientations_iPad = "UIInterfaceOrientationPortrait UIInterfaceOrientationPortraitUpsideDown UIInterfaceOrientationLandscapeLeft UIInterfaceOrientationLandscapeRight";
				INFOPLIST_KEY_UISupportedInterfaceOrientations_iPhone = "UIInterfaceOrientationPortrait UIInterfaceOrientationLandscapeLeft UIInterfaceOrientationLandscapeRight";
				LD_RUNPATH_SEARCH_PATHS = (
					"$(inherited)",
					"@executable_path/Frameworks",
				);
				MARKETING_VERSION = 1.0;
				PRODUCT_BUNDLE_IDENTIFIER = "nixonboros.-4566667-BubblePop";
				PRODUCT_NAME = "$(TARGET_NAME)";
				SWIFT_EMIT_LOC_STRINGS = YES;
				SWIFT_VERSION = 5.0;
				TARGETED_DEVICE_FAMILY = "1,2";
			};
			name = Release;
		};
		9B67AA682D9253EE00B835DD /* Debug */ = {
			isa = XCBuildConfiguration;
			buildSettings = {
				BUNDLE_LOADER = "$(TEST_HOST)";
				CODE_SIGN_STYLE = Automatic;
				CURRENT_PROJECT_VERSION = 1;
				GENERATE_INFOPLIST_FILE = YES;
				IPHONEOS_DEPLOYMENT_TARGET = 18.2;
				MARKETING_VERSION = 1.0;
				PRODUCT_BUNDLE_IDENTIFIER = "nixonboros.-4566667-BubblePopTests";
				PRODUCT_NAME = "$(TARGET_NAME)";
				SWIFT_EMIT_LOC_STRINGS = NO;
				SWIFT_VERSION = 5.0;
				TARGETED_DEVICE_FAMILY = "1,2";
				TEST_HOST = "$(BUILT_PRODUCTS_DIR)/24566667_BubblePop.app/$(BUNDLE_EXECUTABLE_FOLDER_PATH)/24566667_BubblePop";
			};
			name = Debug;
		};
		9B67AA692D9253EE00B835DD /* Release */ = {
			isa = XCBuildConfiguration;
			buildSettings = {
				BUNDLE_LOADER = "$(TEST_HOST)";
				CODE_SIGN_STYLE = Automatic;
				CURRENT_PROJECT_VERSION = 1;
				GENERATE_INFOPLIST_FILE = YES;
				IPHONEOS_DEPLOYMENT_TARGET = 18.2;
				MARKETING_VERSION = 1.0;
				PRODUCT_BUNDLE_IDENTIFIER = "nixonboros.-4566667-BubblePopTests";
				PRODUCT_NAME = "$(TARGET_NAME)";
				SWIFT_EMIT_LOC_STRINGS = NO;
				SWIFT_VERSION = 5.0;
				TARGETED_DEVICE_FAMILY = "1,2";
				TEST_HOST = "$(BUILT_PRODUCTS_DIR)/24566667_BubblePop.app/$(BUNDLE_EXECUTABLE_FOLDER_PATH)/24566667_BubblePop";
			};
			name = Release;
		};
		9B67AA6B2D9253EE00B835DD /* Debug */ = {
			isa = XCBuildConfiguration;
			buildSettings = {
				CODE_SIGN_STYLE = Automatic;
				CURRENT_PROJECT_VERSION = 1;
				GENERATE_INFOPLIST_FILE = YES;
				MARKETING_VERSION = 1.0;
				PRODUCT_BUNDLE_IDENTIFIER = "nixonboros.-4566667-BubblePopUITests";
				PRODUCT_NAME = "$(TARGET_NAME)";
				SWIFT_EMIT_LOC_STRINGS = NO;
				SWIFT_VERSION = 5.0;
				TARGETED_DEVICE_FAMILY = "1,2";
				TEST_TARGET_NAME = 24566667_BubblePop;
			};
			name = Debug;
		};
		9B67AA6C2D9253EE00B835DD /* Release */ = {
			isa = XCBuildConfiguration;
			buildSettings = {
				CODE_SIGN_STYLE = Automatic;
				CURRENT_PROJECT_VERSION = 1;
				GENERATE_INFOPLIST_FILE = YES;
				MARKETING_VERSION = 1.0;
				PRODUCT_BUNDLE_IDENTIFIER = "nixonboros.-4566667-BubblePopUITests";
				PRODUCT_NAME = "$(TARGET_NAME)";
				SWIFT_EMIT_LOC_STRINGS = NO;
				SWIFT_VERSION = 5.0;
				TARGETED_DEVICE_FAMILY = "1,2";
				TEST_TARGET_NAME = 24566667_BubblePop;
			};
			name = Release;
		};
/* End XCBuildConfiguration section */

/* Begin XCConfigurationList section */
		9B67AA3B2D9253EC00B835DD /* Build configuration list for PBXProject "24566667_BubblePop" */ = {
			isa = XCConfigurationList;
			buildConfigurations = (
				9B67AA622D9253EE00B835DD /* Debug */,
				9B67AA632D9253EE00B835DD /* Release */,
			);
			defaultConfigurationIsVisible = 0;
			defaultConfigurationName = Release;
		};
		9B67AA642D9253EE00B835DD /* Build configuration list for PBXNativeTarget "24566667_BubblePop" */ = {
			isa = XCConfigurationList;
			buildConfigurations = (
				9B67AA652D9253EE00B835DD /* Debug */,
				9B67AA662D9253EE00B835DD /* Release */,
			);
			defaultConfigurationIsVisible = 0;
			defaultConfigurationName = Release;
		};
		9B67AA672D9253EE00B835DD /* Build configuration list for PBXNativeTarget "24566667_BubblePopTests" */ = {
			isa = XCConfigurationList;
			buildConfigurations = (
				9B67AA682D9253EE00B835DD /* Debug */,
				9B67AA692D9253EE00B835DD /* Release */,
			);
			defaultConfigurationIsVisible = 0;
			defaultConfigurationName = Release;
		};
		9B67AA6A2D9253EE00B835DD /* Build configuration list for PBXNativeTarget "24566667_BubblePopUITests" */ = {
			isa = XCConfigurationList;
			buildConfigurations = (
				9B67AA6B2D9253EE00B835DD /* Debug */,
				9B67AA6C2D9253EE00B835DD /* Release */,
			);
			defaultConfigurationIsVisible = 0;
			defaultConfigurationName = Release;
		};
/* End XCConfigurationList section */
	};
	rootObject = 9B67AA382D9253EC00B835DD /* Project object */;
}
